
Microsoft Visual Studio Solution File, Format Version 12.00
# Visual Studio Version 17
VisualStudioVersion = 17.2.32505.173
MinimumVisualStudioVersion = 10.0.40219.1
Project("{8BC9CEB8-8B4A-11D0-8D11-00A0C91BC942}") = "C.4_Num_4.1", "C.4_Num_4.1\C.4_Num_4.1.vcxproj", "{78C61249-6956-4F4E-9B09-A75657CACC0A}"
EndProject
Project("{8BC9CEB8-8B4A-11D0-8D11-00A0C91BC942}") = "C4._Num_4.2", "C4._Num_4.2\C4._Num_4.2.vcxproj", "{9E8F66B8-6736-46E6-A115-415DC7A7E629}"
EndProject
Project("{8BC9CEB8-8B4A-11D0-8D11-00A0C91BC942}") = "C4.Num_4.3", "C4.Num_4.3\C4.Num_4.3.vcxproj", "{41AF7388-1FDB-4534-9700-96D213673541}"
EndProject
Project("{8BC9CEB8-8B4A-11D0-8D11-00A0C91BC942}") = "C4.Num_4.4", "C4.Num_4.4\C4.Num_4.4.vcxproj", "{890E7ACD-CE07-44CC-ACCA-D8297CFC4569}"
EndProject
Project("{8BC9CEB8-8B4A-11D0-8D11-00A0C91BC942}") = "C.5_1BootCamp", "C.5_1BootCamp\C.5_1BootCamp.vcxproj", "{2EED77B3-BA14-44CA-9F23-9FB40F723009}"
EndProject
Project("{8BC9CEB8-8B4A-11D0-8D11-00A0C91BC942}") = "C.5_Num__5.1", "C.5_Num__5.1\C.5_Num__5.1.vcxproj", "{CFECAC1B-3796-4D21-AFA4-B79C59E66F22}"
EndProject
Project("{8BC9CEB8-8B4A-11D0-8D11-00A0C91BC942}") = "C.5_Num_5.2", "C5.Num_5.2\C5.Num_5.2.vcxproj", "{36A05418-3571-4236-A3B2-455F732A2534}"
EndProject
Project("{8BC9CEB8-8B4A-11D0-8D11-00A0C91BC942}") = "C.5_Num_5.3", "C.5_Num_5.3\C.5_Num_5.3.vcxproj", "{11B1F5DC-7E4B-49CB-9C6F-5A48D5C167D0}"
EndProject
Project("{8BC9CEB8-8B4A-11D0-8D11-00A0C91BC942}") = "C.5_Num_5.4", "C.5_Num_5.4\C.5_Num_5.4.vcxproj", "{36E697A1-36C2-454B-8D76-C9CEDF66A90D}"
EndProject
Project("{8BC9CEB8-8B4A-11D0-8D11-00A0C91BC942}") = "C.5_Num_5.5", "C.5_Num_5.5\C.5_Num_5.5.vcxproj", "{2DF259B2-2926-4148-9494-27FD3059CCC6}"
EndProject
Project("{8BC9CEB8-8B4A-11D0-8D11-00A0C91BC942}") = "C.5_Num_5.6", "C.5_Num_5.6\C.5_Num_5.6.vcxproj", "{8CA628B3-689F-4184-A92F-9F655C8A1B0C}"
EndProject
Project("{8BC9CEB8-8B4A-11D0-8D11-00A0C91BC942}") = "C.5_Num_5.7", "C.5_Num_5.7\C.5_Num_5.7.vcxproj", "{A6E288B2-ADB2-4EFD-8F7C-BCA4C0E58166}"
EndProject
Project("{8BC9CEB8-8B4A-11D0-8D11-00A0C91BC942}") = "C.5_Num5.8", "C.5_Num5.8\C.5_Num5.8.vcxproj", "{C8002374-2FB8-4D81-8B48-D551903A0C5B}"
EndProject
Project("{8BC9CEB8-8B4A-11D0-8D11-00A0C91BC942}") = "C.5_Num_5.9", "C.5_Num_5.9\C.5_Num_5.9.vcxproj", "{2A280941-87E6-4B99-9D99-DCD2C5FB11EC}"
EndProject
Project("{8BC9CEB8-8B4A-11D0-8D11-00A0C91BC942}") = "C.5_Num_5.10", "C.5_Num_5.10\C.5_Num_5.10.vcxproj", "{606315C1-6F83-47E2-A5C2-8B8BBEF4EA8B}"
EndProject
Project("{8BC9CEB8-8B4A-11D0-8D11-00A0C91BC942}") = "C.5_Num_5.12", "C.5_Num_5.12\C.5_Num_5.12.vcxproj", "{BF1E3D65-973B-420D-A6F6-5C33DE71F18C}"
EndProject
Project("{2150E333-8FDC-42A3-9474-1A3956D46DE8}") = "C5 배열", "C5 배열", "{B94FA5F3-91A6-4413-BA06-09AD9A90D10B}"
EndProject
Project("{2150E333-8FDC-42A3-9474-1A3956D46DE8}") = "C4 비트", "C4 비트", "{9953CCDD-C32B-4D98-9322-FA1D70458413}"
EndProject
Project("{8BC9CEB8-8B4A-11D0-8D11-00A0C91BC942}") = "C.5_Num_5.13", "C.5_Num_13\C.5_Num_13.vcxproj", "{DF158618-6857-4BC1-B5C4-875A400E11CE}"
EndProject
Project("{8BC9CEB8-8B4A-11D0-8D11-00A0C91BC942}") = "C.5_Num_5.14", "C.5_Num_5.14\C.5_Num_5.14.vcxproj", "{C46A659B-7F72-410C-81B6-11C106EAC333}"
EndProject
Project("{8BC9CEB8-8B4A-11D0-8D11-00A0C91BC942}") = "C.5_Num_5.15", "C.5_Num_5.15\C.5_Num_5.15.vcxproj", "{C64A4D29-1209-4A83-99FE-E39E10BAE091}"
EndProject
Project("{8BC9CEB8-8B4A-11D0-8D11-00A0C91BC942}") = "C.5_Num_5.17", "C.5_Num_5.17\C.5_Num_5.17.vcxproj", "{FB6CFE5F-E21B-463D-B1F0-2EF15F7E341B}"
EndProject
Project("{2150E333-8FDC-42A3-9474-1A3956D46DE8}") = "C6 문자열", "C6 문자열", "{3CBA7C78-AB5D-4564-BEC8-6D685F3D2C20}"
EndProject
Project("{8BC9CEB8-8B4A-11D0-8D11-00A0C91BC942}") = "C.6_Num_1", "C.6_Num_1\C.6_Num_1.vcxproj", "{2EE72F5C-1504-4ABE-9502-5B2101D6C687}"
EndProject
Project("{8BC9CEB8-8B4A-11D0-8D11-00A0C91BC942}") = "C.6_Num_2", "C.6_Num_2\C.6_Num_2.vcxproj", "{BD076199-F028-432D-9652-3267D521FFBE}"
EndProject
Project("{8BC9CEB8-8B4A-11D0-8D11-00A0C91BC942}") = "C.6_Num_3", "C.6_Num_3\C.6_Num_3.vcxproj", "{A673F40D-F179-461E-9A60-C752DD558674}"
EndProject
Project("{8BC9CEB8-8B4A-11D0-8D11-00A0C91BC942}") = "C.6_Num_4", "C.6_Num_4\C.6_Num_4.vcxproj", "{D1BD14E5-C6EB-4E09-A70B-4EC1651EAD93}"
EndProject
Project("{8BC9CEB8-8B4A-11D0-8D11-00A0C91BC942}") = "C.6_Num_5", "C.6_Num_5\C.6_Num_5.vcxproj", "{7B2D07E5-C4B5-415F-A7F8-6CEB2DC6F016}"
EndProject
Project("{8BC9CEB8-8B4A-11D0-8D11-00A0C91BC942}") = "C.6_Num_6", "C.6_Num_6\C.6_Num_6.vcxproj", "{0A697D90-652E-4DCF-929E-DD7F5AE16C95}"
EndProject
Project("{8BC9CEB8-8B4A-11D0-8D11-00A0C91BC942}") = "C.6_Num_7", "C.6_Num_7\C.6_Num_7.vcxproj", "{D2E6C78A-1BB6-4026-81E4-F51CBDAAD284}"
EndProject
Project("{8BC9CEB8-8B4A-11D0-8D11-00A0C91BC942}") = "C.6_Num_12", "C.6_Num_12\C.6_Num_12.vcxproj", "{07D8A34E-2372-4636-8DF5-C97930882B9A}"
EndProject
Project("{2150E333-8FDC-42A3-9474-1A3956D46DE8}") = "C7 연결리스트", "C7 연결리스트", "{63F6B472-3C33-49F3-B532-235041091606}"
EndProject
Project("{8BC9CEB8-8B4A-11D0-8D11-00A0C91BC942}") = "Num_01", "Num_01\Num_01.vcxproj", "{784F0FBE-4C8F-42BD-9E96-EC4D93A8A6C8}"
EndProject
Project("{8BC9CEB8-8B4A-11D0-8D11-00A0C91BC942}") = "Num_00 BootCamp", "Num_00 BootCamp\Num_00 BootCamp.vcxproj", "{AD131C39-A923-4271-9352-77FBA99C9DF8}"
EndProject
Project("{8BC9CEB8-8B4A-11D0-8D11-00A0C91BC942}") = "Num_02", "Num_02\Num_02.vcxproj", "{05015C06-926C-4A85-9EAB-C86D9DA60B3E}"
EndProject
Project("{8BC9CEB8-8B4A-11D0-8D11-00A0C91BC942}") = "Num_03", "Num_03\Num_03.vcxproj", "{320C3C4C-760F-49C1-B363-9A8B8A891926}"
EndProject
Project("{8BC9CEB8-8B4A-11D0-8D11-00A0C91BC942}") = "Num_04", "Num_04\Num_04.vcxproj", "{0D4BE4A9-D043-4F1B-B6D4-BAB79943B675}"
EndProject
Project("{8BC9CEB8-8B4A-11D0-8D11-00A0C91BC942}") = "Num_05", "Num_05\Num_05.vcxproj", "{7C6CCAE7-FBCE-4EC9-8802-AC63D0C4C897}"
EndProject
Project("{8BC9CEB8-8B4A-11D0-8D11-00A0C91BC942}") = "Num_06", "Num_06\Num_06.vcxproj", "{FAAB5DF7-C135-4FF3-8ADF-EF43598A02E9}"
EndProject
Project("{8BC9CEB8-8B4A-11D0-8D11-00A0C91BC942}") = "Num_07", "Num_07\Num_07.vcxproj", "{131CE1BB-EA65-43B1-A4C2-1CEA78F17B58}"
EndProject
Global
	GlobalSection(SolutionConfigurationPlatforms) = preSolution
		Debug|x64 = Debug|x64
		Debug|x86 = Debug|x86
		Release|x64 = Release|x64
		Release|x86 = Release|x86
	EndGlobalSection
	GlobalSection(ProjectConfigurationPlatforms) = postSolution
		{78C61249-6956-4F4E-9B09-A75657CACC0A}.Debug|x64.ActiveCfg = Debug|x64
		{78C61249-6956-4F4E-9B09-A75657CACC0A}.Debug|x64.Build.0 = Debug|x64
		{78C61249-6956-4F4E-9B09-A75657CACC0A}.Debug|x86.ActiveCfg = Debug|Win32
		{78C61249-6956-4F4E-9B09-A75657CACC0A}.Debug|x86.Build.0 = Debug|Win32
		{78C61249-6956-4F4E-9B09-A75657CACC0A}.Release|x64.ActiveCfg = Release|x64
		{78C61249-6956-4F4E-9B09-A75657CACC0A}.Release|x64.Build.0 = Release|x64
		{78C61249-6956-4F4E-9B09-A75657CACC0A}.Release|x86.ActiveCfg = Release|Win32
		{78C61249-6956-4F4E-9B09-A75657CACC0A}.Release|x86.Build.0 = Release|Win32
		{9E8F66B8-6736-46E6-A115-415DC7A7E629}.Debug|x64.ActiveCfg = Debug|x64
		{9E8F66B8-6736-46E6-A115-415DC7A7E629}.Debug|x64.Build.0 = Debug|x64
		{9E8F66B8-6736-46E6-A115-415DC7A7E629}.Debug|x86.ActiveCfg = Debug|Win32
		{9E8F66B8-6736-46E6-A115-415DC7A7E629}.Debug|x86.Build.0 = Debug|Win32
		{9E8F66B8-6736-46E6-A115-415DC7A7E629}.Release|x64.ActiveCfg = Release|x64
		{9E8F66B8-6736-46E6-A115-415DC7A7E629}.Release|x64.Build.0 = Release|x64
		{9E8F66B8-6736-46E6-A115-415DC7A7E629}.Release|x86.ActiveCfg = Release|Win32
		{9E8F66B8-6736-46E6-A115-415DC7A7E629}.Release|x86.Build.0 = Release|Win32
		{41AF7388-1FDB-4534-9700-96D213673541}.Debug|x64.ActiveCfg = Debug|x64
		{41AF7388-1FDB-4534-9700-96D213673541}.Debug|x64.Build.0 = Debug|x64
		{41AF7388-1FDB-4534-9700-96D213673541}.Debug|x86.ActiveCfg = Debug|Win32
		{41AF7388-1FDB-4534-9700-96D213673541}.Debug|x86.Build.0 = Debug|Win32
		{41AF7388-1FDB-4534-9700-96D213673541}.Release|x64.ActiveCfg = Release|x64
		{41AF7388-1FDB-4534-9700-96D213673541}.Release|x64.Build.0 = Release|x64
		{41AF7388-1FDB-4534-9700-96D213673541}.Release|x86.ActiveCfg = Release|Win32
		{41AF7388-1FDB-4534-9700-96D213673541}.Release|x86.Build.0 = Release|Win32
		{890E7ACD-CE07-44CC-ACCA-D8297CFC4569}.Debug|x64.ActiveCfg = Debug|x64
		{890E7ACD-CE07-44CC-ACCA-D8297CFC4569}.Debug|x64.Build.0 = Debug|x64
		{890E7ACD-CE07-44CC-ACCA-D8297CFC4569}.Debug|x86.ActiveCfg = Debug|Win32
		{890E7ACD-CE07-44CC-ACCA-D8297CFC4569}.Debug|x86.Build.0 = Debug|Win32
		{890E7ACD-CE07-44CC-ACCA-D8297CFC4569}.Release|x64.ActiveCfg = Release|x64
		{890E7ACD-CE07-44CC-ACCA-D8297CFC4569}.Release|x64.Build.0 = Release|x64
		{890E7ACD-CE07-44CC-ACCA-D8297CFC4569}.Release|x86.ActiveCfg = Release|Win32
		{890E7ACD-CE07-44CC-ACCA-D8297CFC4569}.Release|x86.Build.0 = Release|Win32
		{2EED77B3-BA14-44CA-9F23-9FB40F723009}.Debug|x64.ActiveCfg = Debug|x64
		{2EED77B3-BA14-44CA-9F23-9FB40F723009}.Debug|x64.Build.0 = Debug|x64
		{2EED77B3-BA14-44CA-9F23-9FB40F723009}.Debug|x86.ActiveCfg = Debug|Win32
		{2EED77B3-BA14-44CA-9F23-9FB40F723009}.Debug|x86.Build.0 = Debug|Win32
		{2EED77B3-BA14-44CA-9F23-9FB40F723009}.Release|x64.ActiveCfg = Release|x64
		{2EED77B3-BA14-44CA-9F23-9FB40F723009}.Release|x64.Build.0 = Release|x64
		{2EED77B3-BA14-44CA-9F23-9FB40F723009}.Release|x86.ActiveCfg = Release|Win32
		{2EED77B3-BA14-44CA-9F23-9FB40F723009}.Release|x86.Build.0 = Release|Win32
		{CFECAC1B-3796-4D21-AFA4-B79C59E66F22}.Debug|x64.ActiveCfg = Debug|x64
		{CFECAC1B-3796-4D21-AFA4-B79C59E66F22}.Debug|x64.Build.0 = Debug|x64
		{CFECAC1B-3796-4D21-AFA4-B79C59E66F22}.Debug|x86.ActiveCfg = Debug|Win32
		{CFECAC1B-3796-4D21-AFA4-B79C59E66F22}.Debug|x86.Build.0 = Debug|Win32
		{CFECAC1B-3796-4D21-AFA4-B79C59E66F22}.Release|x64.ActiveCfg = Release|x64
		{CFECAC1B-3796-4D21-AFA4-B79C59E66F22}.Release|x64.Build.0 = Release|x64
		{CFECAC1B-3796-4D21-AFA4-B79C59E66F22}.Release|x86.ActiveCfg = Release|Win32
		{CFECAC1B-3796-4D21-AFA4-B79C59E66F22}.Release|x86.Build.0 = Release|Win32
		{36A05418-3571-4236-A3B2-455F732A2534}.Debug|x64.ActiveCfg = Debug|x64
		{36A05418-3571-4236-A3B2-455F732A2534}.Debug|x64.Build.0 = Debug|x64
		{36A05418-3571-4236-A3B2-455F732A2534}.Debug|x86.ActiveCfg = Debug|Win32
		{36A05418-3571-4236-A3B2-455F732A2534}.Debug|x86.Build.0 = Debug|Win32
		{36A05418-3571-4236-A3B2-455F732A2534}.Release|x64.ActiveCfg = Release|x64
		{36A05418-3571-4236-A3B2-455F732A2534}.Release|x64.Build.0 = Release|x64
		{36A05418-3571-4236-A3B2-455F732A2534}.Release|x86.ActiveCfg = Release|Win32
		{36A05418-3571-4236-A3B2-455F732A2534}.Release|x86.Build.0 = Release|Win32
		{11B1F5DC-7E4B-49CB-9C6F-5A48D5C167D0}.Debug|x64.ActiveCfg = Debug|x64
		{11B1F5DC-7E4B-49CB-9C6F-5A48D5C167D0}.Debug|x64.Build.0 = Debug|x64
		{11B1F5DC-7E4B-49CB-9C6F-5A48D5C167D0}.Debug|x86.ActiveCfg = Debug|Win32
		{11B1F5DC-7E4B-49CB-9C6F-5A48D5C167D0}.Debug|x86.Build.0 = Debug|Win32
		{11B1F5DC-7E4B-49CB-9C6F-5A48D5C167D0}.Release|x64.ActiveCfg = Release|x64
		{11B1F5DC-7E4B-49CB-9C6F-5A48D5C167D0}.Release|x64.Build.0 = Release|x64
		{11B1F5DC-7E4B-49CB-9C6F-5A48D5C167D0}.Release|x86.ActiveCfg = Release|Win32
		{11B1F5DC-7E4B-49CB-9C6F-5A48D5C167D0}.Release|x86.Build.0 = Release|Win32
		{36E697A1-36C2-454B-8D76-C9CEDF66A90D}.Debug|x64.ActiveCfg = Debug|x64
		{36E697A1-36C2-454B-8D76-C9CEDF66A90D}.Debug|x64.Build.0 = Debug|x64
		{36E697A1-36C2-454B-8D76-C9CEDF66A90D}.Debug|x86.ActiveCfg = Debug|Win32
		{36E697A1-36C2-454B-8D76-C9CEDF66A90D}.Debug|x86.Build.0 = Debug|Win32
		{36E697A1-36C2-454B-8D76-C9CEDF66A90D}.Release|x64.ActiveCfg = Release|x64
		{36E697A1-36C2-454B-8D76-C9CEDF66A90D}.Release|x64.Build.0 = Release|x64
		{36E697A1-36C2-454B-8D76-C9CEDF66A90D}.Release|x86.ActiveCfg = Release|Win32
		{36E697A1-36C2-454B-8D76-C9CEDF66A90D}.Release|x86.Build.0 = Release|Win32
		{2DF259B2-2926-4148-9494-27FD3059CCC6}.Debug|x64.ActiveCfg = Debug|x64
		{2DF259B2-2926-4148-9494-27FD3059CCC6}.Debug|x64.Build.0 = Debug|x64
		{2DF259B2-2926-4148-9494-27FD3059CCC6}.Debug|x86.ActiveCfg = Debug|Win32
		{2DF259B2-2926-4148-9494-27FD3059CCC6}.Debug|x86.Build.0 = Debug|Win32
		{2DF259B2-2926-4148-9494-27FD3059CCC6}.Release|x64.ActiveCfg = Release|x64
		{2DF259B2-2926-4148-9494-27FD3059CCC6}.Release|x64.Build.0 = Release|x64
		{2DF259B2-2926-4148-9494-27FD3059CCC6}.Release|x86.ActiveCfg = Release|Win32
		{2DF259B2-2926-4148-9494-27FD3059CCC6}.Release|x86.Build.0 = Release|Win32
		{8CA628B3-689F-4184-A92F-9F655C8A1B0C}.Debug|x64.ActiveCfg = Debug|x64
		{8CA628B3-689F-4184-A92F-9F655C8A1B0C}.Debug|x64.Build.0 = Debug|x64
		{8CA628B3-689F-4184-A92F-9F655C8A1B0C}.Debug|x86.ActiveCfg = Debug|Win32
		{8CA628B3-689F-4184-A92F-9F655C8A1B0C}.Debug|x86.Build.0 = Debug|Win32
		{8CA628B3-689F-4184-A92F-9F655C8A1B0C}.Release|x64.ActiveCfg = Release|x64
		{8CA628B3-689F-4184-A92F-9F655C8A1B0C}.Release|x64.Build.0 = Release|x64
		{8CA628B3-689F-4184-A92F-9F655C8A1B0C}.Release|x86.ActiveCfg = Release|Win32
		{8CA628B3-689F-4184-A92F-9F655C8A1B0C}.Release|x86.Build.0 = Release|Win32
		{A6E288B2-ADB2-4EFD-8F7C-BCA4C0E58166}.Debug|x64.ActiveCfg = Debug|x64
		{A6E288B2-ADB2-4EFD-8F7C-BCA4C0E58166}.Debug|x64.Build.0 = Debug|x64
		{A6E288B2-ADB2-4EFD-8F7C-BCA4C0E58166}.Debug|x86.ActiveCfg = Debug|Win32
		{A6E288B2-ADB2-4EFD-8F7C-BCA4C0E58166}.Debug|x86.Build.0 = Debug|Win32
		{A6E288B2-ADB2-4EFD-8F7C-BCA4C0E58166}.Release|x64.ActiveCfg = Release|x64
		{A6E288B2-ADB2-4EFD-8F7C-BCA4C0E58166}.Release|x64.Build.0 = Release|x64
		{A6E288B2-ADB2-4EFD-8F7C-BCA4C0E58166}.Release|x86.ActiveCfg = Release|Win32
		{A6E288B2-ADB2-4EFD-8F7C-BCA4C0E58166}.Release|x86.Build.0 = Release|Win32
		{C8002374-2FB8-4D81-8B48-D551903A0C5B}.Debug|x64.ActiveCfg = Debug|x64
		{C8002374-2FB8-4D81-8B48-D551903A0C5B}.Debug|x64.Build.0 = Debug|x64
		{C8002374-2FB8-4D81-8B48-D551903A0C5B}.Debug|x86.ActiveCfg = Debug|Win32
		{C8002374-2FB8-4D81-8B48-D551903A0C5B}.Debug|x86.Build.0 = Debug|Win32
		{C8002374-2FB8-4D81-8B48-D551903A0C5B}.Release|x64.ActiveCfg = Release|x64
		{C8002374-2FB8-4D81-8B48-D551903A0C5B}.Release|x64.Build.0 = Release|x64
		{C8002374-2FB8-4D81-8B48-D551903A0C5B}.Release|x86.ActiveCfg = Release|Win32
		{C8002374-2FB8-4D81-8B48-D551903A0C5B}.Release|x86.Build.0 = Release|Win32
		{2A280941-87E6-4B99-9D99-DCD2C5FB11EC}.Debug|x64.ActiveCfg = Debug|x64
		{2A280941-87E6-4B99-9D99-DCD2C5FB11EC}.Debug|x64.Build.0 = Debug|x64
		{2A280941-87E6-4B99-9D99-DCD2C5FB11EC}.Debug|x86.ActiveCfg = Debug|Win32
		{2A280941-87E6-4B99-9D99-DCD2C5FB11EC}.Debug|x86.Build.0 = Debug|Win32
		{2A280941-87E6-4B99-9D99-DCD2C5FB11EC}.Release|x64.ActiveCfg = Release|x64
		{2A280941-87E6-4B99-9D99-DCD2C5FB11EC}.Release|x64.Build.0 = Release|x64
		{2A280941-87E6-4B99-9D99-DCD2C5FB11EC}.Release|x86.ActiveCfg = Release|Win32
		{2A280941-87E6-4B99-9D99-DCD2C5FB11EC}.Release|x86.Build.0 = Release|Win32
		{606315C1-6F83-47E2-A5C2-8B8BBEF4EA8B}.Debug|x64.ActiveCfg = Debug|x64
		{606315C1-6F83-47E2-A5C2-8B8BBEF4EA8B}.Debug|x64.Build.0 = Debug|x64
		{606315C1-6F83-47E2-A5C2-8B8BBEF4EA8B}.Debug|x86.ActiveCfg = Debug|Win32
		{606315C1-6F83-47E2-A5C2-8B8BBEF4EA8B}.Debug|x86.Build.0 = Debug|Win32
		{606315C1-6F83-47E2-A5C2-8B8BBEF4EA8B}.Release|x64.ActiveCfg = Release|x64
		{606315C1-6F83-47E2-A5C2-8B8BBEF4EA8B}.Release|x64.Build.0 = Release|x64
		{606315C1-6F83-47E2-A5C2-8B8BBEF4EA8B}.Release|x86.ActiveCfg = Release|Win32
		{606315C1-6F83-47E2-A5C2-8B8BBEF4EA8B}.Release|x86.Build.0 = Release|Win32
		{BF1E3D65-973B-420D-A6F6-5C33DE71F18C}.Debug|x64.ActiveCfg = Debug|x64
		{BF1E3D65-973B-420D-A6F6-5C33DE71F18C}.Debug|x64.Build.0 = Debug|x64
		{BF1E3D65-973B-420D-A6F6-5C33DE71F18C}.Debug|x86.ActiveCfg = Debug|Win32
		{BF1E3D65-973B-420D-A6F6-5C33DE71F18C}.Debug|x86.Build.0 = Debug|Win32
		{BF1E3D65-973B-420D-A6F6-5C33DE71F18C}.Release|x64.ActiveCfg = Release|x64
		{BF1E3D65-973B-420D-A6F6-5C33DE71F18C}.Release|x64.Build.0 = Release|x64
		{BF1E3D65-973B-420D-A6F6-5C33DE71F18C}.Release|x86.ActiveCfg = Release|Win32
		{BF1E3D65-973B-420D-A6F6-5C33DE71F18C}.Release|x86.Build.0 = Release|Win32
		{DF158618-6857-4BC1-B5C4-875A400E11CE}.Debug|x64.ActiveCfg = Debug|x64
		{DF158618-6857-4BC1-B5C4-875A400E11CE}.Debug|x64.Build.0 = Debug|x64
		{DF158618-6857-4BC1-B5C4-875A400E11CE}.Debug|x86.ActiveCfg = Debug|Win32
		{DF158618-6857-4BC1-B5C4-875A400E11CE}.Debug|x86.Build.0 = Debug|Win32
		{DF158618-6857-4BC1-B5C4-875A400E11CE}.Release|x64.ActiveCfg = Release|x64
		{DF158618-6857-4BC1-B5C4-875A400E11CE}.Release|x64.Build.0 = Release|x64
		{DF158618-6857-4BC1-B5C4-875A400E11CE}.Release|x86.ActiveCfg = Release|Win32
		{DF158618-6857-4BC1-B5C4-875A400E11CE}.Release|x86.Build.0 = Release|Win32
		{C46A659B-7F72-410C-81B6-11C106EAC333}.Debug|x64.ActiveCfg = Debug|x64
		{C46A659B-7F72-410C-81B6-11C106EAC333}.Debug|x64.Build.0 = Debug|x64
		{C46A659B-7F72-410C-81B6-11C106EAC333}.Debug|x86.ActiveCfg = Debug|Win32
		{C46A659B-7F72-410C-81B6-11C106EAC333}.Debug|x86.Build.0 = Debug|Win32
		{C46A659B-7F72-410C-81B6-11C106EAC333}.Release|x64.ActiveCfg = Release|x64
		{C46A659B-7F72-410C-81B6-11C106EAC333}.Release|x64.Build.0 = Release|x64
		{C46A659B-7F72-410C-81B6-11C106EAC333}.Release|x86.ActiveCfg = Release|Win32
		{C46A659B-7F72-410C-81B6-11C106EAC333}.Release|x86.Build.0 = Release|Win32
		{C64A4D29-1209-4A83-99FE-E39E10BAE091}.Debug|x64.ActiveCfg = Debug|x64
		{C64A4D29-1209-4A83-99FE-E39E10BAE091}.Debug|x64.Build.0 = Debug|x64
		{C64A4D29-1209-4A83-99FE-E39E10BAE091}.Debug|x86.ActiveCfg = Debug|Win32
		{C64A4D29-1209-4A83-99FE-E39E10BAE091}.Debug|x86.Build.0 = Debug|Win32
		{C64A4D29-1209-4A83-99FE-E39E10BAE091}.Release|x64.ActiveCfg = Release|x64
		{C64A4D29-1209-4A83-99FE-E39E10BAE091}.Release|x64.Build.0 = Release|x64
		{C64A4D29-1209-4A83-99FE-E39E10BAE091}.Release|x86.ActiveCfg = Release|Win32
		{C64A4D29-1209-4A83-99FE-E39E10BAE091}.Release|x86.Build.0 = Release|Win32
		{FB6CFE5F-E21B-463D-B1F0-2EF15F7E341B}.Debug|x64.ActiveCfg = Debug|x64
		{FB6CFE5F-E21B-463D-B1F0-2EF15F7E341B}.Debug|x64.Build.0 = Debug|x64
		{FB6CFE5F-E21B-463D-B1F0-2EF15F7E341B}.Debug|x86.ActiveCfg = Debug|Win32
		{FB6CFE5F-E21B-463D-B1F0-2EF15F7E341B}.Debug|x86.Build.0 = Debug|Win32
		{FB6CFE5F-E21B-463D-B1F0-2EF15F7E341B}.Release|x64.ActiveCfg = Release|x64
		{FB6CFE5F-E21B-463D-B1F0-2EF15F7E341B}.Release|x64.Build.0 = Release|x64
		{FB6CFE5F-E21B-463D-B1F0-2EF15F7E341B}.Release|x86.ActiveCfg = Release|Win32
		{FB6CFE5F-E21B-463D-B1F0-2EF15F7E341B}.Release|x86.Build.0 = Release|Win32
		{2EE72F5C-1504-4ABE-9502-5B2101D6C687}.Debug|x64.ActiveCfg = Debug|x64
		{2EE72F5C-1504-4ABE-9502-5B2101D6C687}.Debug|x64.Build.0 = Debug|x64
		{2EE72F5C-1504-4ABE-9502-5B2101D6C687}.Debug|x86.ActiveCfg = Debug|Win32
		{2EE72F5C-1504-4ABE-9502-5B2101D6C687}.Debug|x86.Build.0 = Debug|Win32
		{2EE72F5C-1504-4ABE-9502-5B2101D6C687}.Release|x64.ActiveCfg = Release|x64
		{2EE72F5C-1504-4ABE-9502-5B2101D6C687}.Release|x64.Build.0 = Release|x64
		{2EE72F5C-1504-4ABE-9502-5B2101D6C687}.Release|x86.ActiveCfg = Release|Win32
		{2EE72F5C-1504-4ABE-9502-5B2101D6C687}.Release|x86.Build.0 = Release|Win32
		{BD076199-F028-432D-9652-3267D521FFBE}.Debug|x64.ActiveCfg = Debug|x64
		{BD076199-F028-432D-9652-3267D521FFBE}.Debug|x64.Build.0 = Debug|x64
		{BD076199-F028-432D-9652-3267D521FFBE}.Debug|x86.ActiveCfg = Debug|Win32
		{BD076199-F028-432D-9652-3267D521FFBE}.Debug|x86.Build.0 = Debug|Win32
		{BD076199-F028-432D-9652-3267D521FFBE}.Release|x64.ActiveCfg = Release|x64
		{BD076199-F028-432D-9652-3267D521FFBE}.Release|x64.Build.0 = Release|x64
		{BD076199-F028-432D-9652-3267D521FFBE}.Release|x86.ActiveCfg = Release|Win32
		{BD076199-F028-432D-9652-3267D521FFBE}.Release|x86.Build.0 = Release|Win32
		{A673F40D-F179-461E-9A60-C752DD558674}.Debug|x64.ActiveCfg = Debug|x64
		{A673F40D-F179-461E-9A60-C752DD558674}.Debug|x64.Build.0 = Debug|x64
		{A673F40D-F179-461E-9A60-C752DD558674}.Debug|x86.ActiveCfg = Debug|Win32
		{A673F40D-F179-461E-9A60-C752DD558674}.Debug|x86.Build.0 = Debug|Win32
		{A673F40D-F179-461E-9A60-C752DD558674}.Release|x64.ActiveCfg = Release|x64
		{A673F40D-F179-461E-9A60-C752DD558674}.Release|x64.Build.0 = Release|x64
		{A673F40D-F179-461E-9A60-C752DD558674}.Release|x86.ActiveCfg = Release|Win32
		{A673F40D-F179-461E-9A60-C752DD558674}.Release|x86.Build.0 = Release|Win32
		{D1BD14E5-C6EB-4E09-A70B-4EC1651EAD93}.Debug|x64.ActiveCfg = Debug|x64
		{D1BD14E5-C6EB-4E09-A70B-4EC1651EAD93}.Debug|x64.Build.0 = Debug|x64
		{D1BD14E5-C6EB-4E09-A70B-4EC1651EAD93}.Debug|x86.ActiveCfg = Debug|Win32
		{D1BD14E5-C6EB-4E09-A70B-4EC1651EAD93}.Debug|x86.Build.0 = Debug|Win32
		{D1BD14E5-C6EB-4E09-A70B-4EC1651EAD93}.Release|x64.ActiveCfg = Release|x64
		{D1BD14E5-C6EB-4E09-A70B-4EC1651EAD93}.Release|x64.Build.0 = Release|x64
		{D1BD14E5-C6EB-4E09-A70B-4EC1651EAD93}.Release|x86.ActiveCfg = Release|Win32
		{D1BD14E5-C6EB-4E09-A70B-4EC1651EAD93}.Release|x86.Build.0 = Release|Win32
		{7B2D07E5-C4B5-415F-A7F8-6CEB2DC6F016}.Debug|x64.ActiveCfg = Debug|x64
		{7B2D07E5-C4B5-415F-A7F8-6CEB2DC6F016}.Debug|x64.Build.0 = Debug|x64
		{7B2D07E5-C4B5-415F-A7F8-6CEB2DC6F016}.Debug|x86.ActiveCfg = Debug|Win32
		{7B2D07E5-C4B5-415F-A7F8-6CEB2DC6F016}.Debug|x86.Build.0 = Debug|Win32
		{7B2D07E5-C4B5-415F-A7F8-6CEB2DC6F016}.Release|x64.ActiveCfg = Release|x64
		{7B2D07E5-C4B5-415F-A7F8-6CEB2DC6F016}.Release|x64.Build.0 = Release|x64
		{7B2D07E5-C4B5-415F-A7F8-6CEB2DC6F016}.Release|x86.ActiveCfg = Release|Win32
		{7B2D07E5-C4B5-415F-A7F8-6CEB2DC6F016}.Release|x86.Build.0 = Release|Win32
		{0A697D90-652E-4DCF-929E-DD7F5AE16C95}.Debug|x64.ActiveCfg = Debug|x64
		{0A697D90-652E-4DCF-929E-DD7F5AE16C95}.Debug|x64.Build.0 = Debug|x64
		{0A697D90-652E-4DCF-929E-DD7F5AE16C95}.Debug|x86.ActiveCfg = Debug|Win32
		{0A697D90-652E-4DCF-929E-DD7F5AE16C95}.Debug|x86.Build.0 = Debug|Win32
		{0A697D90-652E-4DCF-929E-DD7F5AE16C95}.Release|x64.ActiveCfg = Release|x64
		{0A697D90-652E-4DCF-929E-DD7F5AE16C95}.Release|x64.Build.0 = Release|x64
		{0A697D90-652E-4DCF-929E-DD7F5AE16C95}.Release|x86.ActiveCfg = Release|Win32
		{0A697D90-652E-4DCF-929E-DD7F5AE16C95}.Release|x86.Build.0 = Release|Win32
		{D2E6C78A-1BB6-4026-81E4-F51CBDAAD284}.Debug|x64.ActiveCfg = Debug|x64
		{D2E6C78A-1BB6-4026-81E4-F51CBDAAD284}.Debug|x64.Build.0 = Debug|x64
		{D2E6C78A-1BB6-4026-81E4-F51CBDAAD284}.Debug|x86.ActiveCfg = Debug|Win32
		{D2E6C78A-1BB6-4026-81E4-F51CBDAAD284}.Debug|x86.Build.0 = Debug|Win32
		{D2E6C78A-1BB6-4026-81E4-F51CBDAAD284}.Release|x64.ActiveCfg = Release|x64
		{D2E6C78A-1BB6-4026-81E4-F51CBDAAD284}.Release|x64.Build.0 = Release|x64
		{D2E6C78A-1BB6-4026-81E4-F51CBDAAD284}.Release|x86.ActiveCfg = Release|Win32
		{D2E6C78A-1BB6-4026-81E4-F51CBDAAD284}.Release|x86.Build.0 = Release|Win32
		{07D8A34E-2372-4636-8DF5-C97930882B9A}.Debug|x64.ActiveCfg = Debug|x64
		{07D8A34E-2372-4636-8DF5-C97930882B9A}.Debug|x64.Build.0 = Debug|x64
		{07D8A34E-2372-4636-8DF5-C97930882B9A}.Debug|x86.ActiveCfg = Debug|Win32
		{07D8A34E-2372-4636-8DF5-C97930882B9A}.Debug|x86.Build.0 = Debug|Win32
		{07D8A34E-2372-4636-8DF5-C97930882B9A}.Release|x64.ActiveCfg = Release|x64
		{07D8A34E-2372-4636-8DF5-C97930882B9A}.Release|x64.Build.0 = Release|x64
		{07D8A34E-2372-4636-8DF5-C97930882B9A}.Release|x86.ActiveCfg = Release|Win32
		{07D8A34E-2372-4636-8DF5-C97930882B9A}.Release|x86.Build.0 = Release|Win32
		{784F0FBE-4C8F-42BD-9E96-EC4D93A8A6C8}.Debug|x64.ActiveCfg = Debug|x64
		{784F0FBE-4C8F-42BD-9E96-EC4D93A8A6C8}.Debug|x64.Build.0 = Debug|x64
		{784F0FBE-4C8F-42BD-9E96-EC4D93A8A6C8}.Debug|x86.ActiveCfg = Debug|Win32
		{784F0FBE-4C8F-42BD-9E96-EC4D93A8A6C8}.Debug|x86.Build.0 = Debug|Win32
		{784F0FBE-4C8F-42BD-9E96-EC4D93A8A6C8}.Release|x64.ActiveCfg = Release|x64
		{784F0FBE-4C8F-42BD-9E96-EC4D93A8A6C8}.Release|x64.Build.0 = Release|x64
		{784F0FBE-4C8F-42BD-9E96-EC4D93A8A6C8}.Release|x86.ActiveCfg = Release|Win32
		{784F0FBE-4C8F-42BD-9E96-EC4D93A8A6C8}.Release|x86.Build.0 = Release|Win32
		{AD131C39-A923-4271-9352-77FBA99C9DF8}.Debug|x64.ActiveCfg = Debug|x64
		{AD131C39-A923-4271-9352-77FBA99C9DF8}.Debug|x64.Build.0 = Debug|x64
		{AD131C39-A923-4271-9352-77FBA99C9DF8}.Debug|x86.ActiveCfg = Debug|Win32
		{AD131C39-A923-4271-9352-77FBA99C9DF8}.Debug|x86.Build.0 = Debug|Win32
		{AD131C39-A923-4271-9352-77FBA99C9DF8}.Release|x64.ActiveCfg = Release|x64
		{AD131C39-A923-4271-9352-77FBA99C9DF8}.Release|x64.Build.0 = Release|x64
		{AD131C39-A923-4271-9352-77FBA99C9DF8}.Release|x86.ActiveCfg = Release|Win32
		{AD131C39-A923-4271-9352-77FBA99C9DF8}.Release|x86.Build.0 = Release|Win32
		{05015C06-926C-4A85-9EAB-C86D9DA60B3E}.Debug|x64.ActiveCfg = Debug|x64
		{05015C06-926C-4A85-9EAB-C86D9DA60B3E}.Debug|x64.Build.0 = Debug|x64
		{05015C06-926C-4A85-9EAB-C86D9DA60B3E}.Debug|x86.ActiveCfg = Debug|Win32
		{05015C06-926C-4A85-9EAB-C86D9DA60B3E}.Debug|x86.Build.0 = Debug|Win32
		{05015C06-926C-4A85-9EAB-C86D9DA60B3E}.Release|x64.ActiveCfg = Release|x64
		{05015C06-926C-4A85-9EAB-C86D9DA60B3E}.Release|x64.Build.0 = Release|x64
		{05015C06-926C-4A85-9EAB-C86D9DA60B3E}.Release|x86.ActiveCfg = Release|Win32
		{05015C06-926C-4A85-9EAB-C86D9DA60B3E}.Release|x86.Build.0 = Release|Win32
		{320C3C4C-760F-49C1-B363-9A8B8A891926}.Debug|x64.ActiveCfg = Debug|x64
		{320C3C4C-760F-49C1-B363-9A8B8A891926}.Debug|x64.Build.0 = Debug|x64
		{320C3C4C-760F-49C1-B363-9A8B8A891926}.Debug|x86.ActiveCfg = Debug|Win32
		{320C3C4C-760F-49C1-B363-9A8B8A891926}.Debug|x86.Build.0 = Debug|Win32
		{320C3C4C-760F-49C1-B363-9A8B8A891926}.Release|x64.ActiveCfg = Release|x64
		{320C3C4C-760F-49C1-B363-9A8B8A891926}.Release|x64.Build.0 = Release|x64
		{320C3C4C-760F-49C1-B363-9A8B8A891926}.Release|x86.ActiveCfg = Release|Win32
		{320C3C4C-760F-49C1-B363-9A8B8A891926}.Release|x86.Build.0 = Release|Win32
		{0D4BE4A9-D043-4F1B-B6D4-BAB79943B675}.Debug|x64.ActiveCfg = Debug|x64
		{0D4BE4A9-D043-4F1B-B6D4-BAB79943B675}.Debug|x64.Build.0 = Debug|x64
		{0D4BE4A9-D043-4F1B-B6D4-BAB79943B675}.Debug|x86.ActiveCfg = Debug|Win32
		{0D4BE4A9-D043-4F1B-B6D4-BAB79943B675}.Debug|x86.Build.0 = Debug|Win32
		{0D4BE4A9-D043-4F1B-B6D4-BAB79943B675}.Release|x64.ActiveCfg = Release|x64
		{0D4BE4A9-D043-4F1B-B6D4-BAB79943B675}.Release|x64.Build.0 = Release|x64
		{0D4BE4A9-D043-4F1B-B6D4-BAB79943B675}.Release|x86.ActiveCfg = Release|Win32
		{0D4BE4A9-D043-4F1B-B6D4-BAB79943B675}.Release|x86.Build.0 = Release|Win32
		{7C6CCAE7-FBCE-4EC9-8802-AC63D0C4C897}.Debug|x64.ActiveCfg = Debug|x64
		{7C6CCAE7-FBCE-4EC9-8802-AC63D0C4C897}.Debug|x64.Build.0 = Debug|x64
		{7C6CCAE7-FBCE-4EC9-8802-AC63D0C4C897}.Debug|x86.ActiveCfg = Debug|Win32
		{7C6CCAE7-FBCE-4EC9-8802-AC63D0C4C897}.Debug|x86.Build.0 = Debug|Win32
		{7C6CCAE7-FBCE-4EC9-8802-AC63D0C4C897}.Release|x64.ActiveCfg = Release|x64
		{7C6CCAE7-FBCE-4EC9-8802-AC63D0C4C897}.Release|x64.Build.0 = Release|x64
		{7C6CCAE7-FBCE-4EC9-8802-AC63D0C4C897}.Release|x86.ActiveCfg = Release|Win32
		{7C6CCAE7-FBCE-4EC9-8802-AC63D0C4C897}.Release|x86.Build.0 = Release|Win32
		{FAAB5DF7-C135-4FF3-8ADF-EF43598A02E9}.Debug|x64.ActiveCfg = Debug|x64
		{FAAB5DF7-C135-4FF3-8ADF-EF43598A02E9}.Debug|x64.Build.0 = Debug|x64
		{FAAB5DF7-C135-4FF3-8ADF-EF43598A02E9}.Debug|x86.ActiveCfg = Debug|Win32
		{FAAB5DF7-C135-4FF3-8ADF-EF43598A02E9}.Debug|x86.Build.0 = Debug|Win32
		{FAAB5DF7-C135-4FF3-8ADF-EF43598A02E9}.Release|x64.ActiveCfg = Release|x64
		{FAAB5DF7-C135-4FF3-8ADF-EF43598A02E9}.Release|x64.Build.0 = Release|x64
		{FAAB5DF7-C135-4FF3-8ADF-EF43598A02E9}.Release|x86.ActiveCfg = Release|Win32
		{FAAB5DF7-C135-4FF3-8ADF-EF43598A02E9}.Release|x86.Build.0 = Release|Win32
		{131CE1BB-EA65-43B1-A4C2-1CEA78F17B58}.Debug|x64.ActiveCfg = Debug|x64
		{131CE1BB-EA65-43B1-A4C2-1CEA78F17B58}.Debug|x64.Build.0 = Debug|x64
		{131CE1BB-EA65-43B1-A4C2-1CEA78F17B58}.Debug|x86.ActiveCfg = Debug|Win32
		{131CE1BB-EA65-43B1-A4C2-1CEA78F17B58}.Debug|x86.Build.0 = Debug|Win32
		{131CE1BB-EA65-43B1-A4C2-1CEA78F17B58}.Release|x64.ActiveCfg = Release|x64
		{131CE1BB-EA65-43B1-A4C2-1CEA78F17B58}.Release|x64.Build.0 = Release|x64
		{131CE1BB-EA65-43B1-A4C2-1CEA78F17B58}.Release|x86.ActiveCfg = Release|Win32
		{131CE1BB-EA65-43B1-A4C2-1CEA78F17B58}.Release|x86.Build.0 = Release|Win32
	EndGlobalSection
	GlobalSection(SolutionProperties) = preSolution
		HideSolutionNode = FALSE
	EndGlobalSection
	GlobalSection(NestedProjects) = preSolution
		{78C61249-6956-4F4E-9B09-A75657CACC0A} = {9953CCDD-C32B-4D98-9322-FA1D70458413}
		{9E8F66B8-6736-46E6-A115-415DC7A7E629} = {9953CCDD-C32B-4D98-9322-FA1D70458413}
		{41AF7388-1FDB-4534-9700-96D213673541} = {9953CCDD-C32B-4D98-9322-FA1D70458413}
		{890E7ACD-CE07-44CC-ACCA-D8297CFC4569} = {9953CCDD-C32B-4D98-9322-FA1D70458413}
		{2EED77B3-BA14-44CA-9F23-9FB40F723009} = {B94FA5F3-91A6-4413-BA06-09AD9A90D10B}
		{CFECAC1B-3796-4D21-AFA4-B79C59E66F22} = {B94FA5F3-91A6-4413-BA06-09AD9A90D10B}
		{36A05418-3571-4236-A3B2-455F732A2534} = {B94FA5F3-91A6-4413-BA06-09AD9A90D10B}
		{11B1F5DC-7E4B-49CB-9C6F-5A48D5C167D0} = {B94FA5F3-91A6-4413-BA06-09AD9A90D10B}
		{36E697A1-36C2-454B-8D76-C9CEDF66A90D} = {B94FA5F3-91A6-4413-BA06-09AD9A90D10B}
		{2DF259B2-2926-4148-9494-27FD3059CCC6} = {B94FA5F3-91A6-4413-BA06-09AD9A90D10B}
		{8CA628B3-689F-4184-A92F-9F655C8A1B0C} = {B94FA5F3-91A6-4413-BA06-09AD9A90D10B}
		{A6E288B2-ADB2-4EFD-8F7C-BCA4C0E58166} = {B94FA5F3-91A6-4413-BA06-09AD9A90D10B}
		{C8002374-2FB8-4D81-8B48-D551903A0C5B} = {B94FA5F3-91A6-4413-BA06-09AD9A90D10B}
		{2A280941-87E6-4B99-9D99-DCD2C5FB11EC} = {B94FA5F3-91A6-4413-BA06-09AD9A90D10B}
		{606315C1-6F83-47E2-A5C2-8B8BBEF4EA8B} = {B94FA5F3-91A6-4413-BA06-09AD9A90D10B}
		{BF1E3D65-973B-420D-A6F6-5C33DE71F18C} = {B94FA5F3-91A6-4413-BA06-09AD9A90D10B}
		{DF158618-6857-4BC1-B5C4-875A400E11CE} = {B94FA5F3-91A6-4413-BA06-09AD9A90D10B}
		{C46A659B-7F72-410C-81B6-11C106EAC333} = {B94FA5F3-91A6-4413-BA06-09AD9A90D10B}
		{C64A4D29-1209-4A83-99FE-E39E10BAE091} = {B94FA5F3-91A6-4413-BA06-09AD9A90D10B}
		{FB6CFE5F-E21B-463D-B1F0-2EF15F7E341B} = {B94FA5F3-91A6-4413-BA06-09AD9A90D10B}
		{2EE72F5C-1504-4ABE-9502-5B2101D6C687} = {3CBA7C78-AB5D-4564-BEC8-6D685F3D2C20}
		{BD076199-F028-432D-9652-3267D521FFBE} = {3CBA7C78-AB5D-4564-BEC8-6D685F3D2C20}
		{A673F40D-F179-461E-9A60-C752DD558674} = {3CBA7C78-AB5D-4564-BEC8-6D685F3D2C20}
		{D1BD14E5-C6EB-4E09-A70B-4EC1651EAD93} = {3CBA7C78-AB5D-4564-BEC8-6D685F3D2C20}
		{7B2D07E5-C4B5-415F-A7F8-6CEB2DC6F016} = {3CBA7C78-AB5D-4564-BEC8-6D685F3D2C20}
		{0A697D90-652E-4DCF-929E-DD7F5AE16C95} = {3CBA7C78-AB5D-4564-BEC8-6D685F3D2C20}
		{D2E6C78A-1BB6-4026-81E4-F51CBDAAD284} = {3CBA7C78-AB5D-4564-BEC8-6D685F3D2C20}
		{07D8A34E-2372-4636-8DF5-C97930882B9A} = {3CBA7C78-AB5D-4564-BEC8-6D685F3D2C20}
		{784F0FBE-4C8F-42BD-9E96-EC4D93A8A6C8} = {63F6B472-3C33-49F3-B532-235041091606}
		{AD131C39-A923-4271-9352-77FBA99C9DF8} = {63F6B472-3C33-49F3-B532-235041091606}
		{05015C06-926C-4A85-9EAB-C86D9DA60B3E} = {63F6B472-3C33-49F3-B532-235041091606}
		{320C3C4C-760F-49C1-B363-9A8B8A891926} = {63F6B472-3C33-49F3-B532-235041091606}
		{0D4BE4A9-D043-4F1B-B6D4-BAB79943B675} = {63F6B472-3C33-49F3-B532-235041091606}
		{7C6CCAE7-FBCE-4EC9-8802-AC63D0C4C897} = {63F6B472-3C33-49F3-B532-235041091606}
		{FAAB5DF7-C135-4FF3-8ADF-EF43598A02E9} = {63F6B472-3C33-49F3-B532-235041091606}
		{131CE1BB-EA65-43B1-A4C2-1CEA78F17B58} = {63F6B472-3C33-49F3-B532-235041091606}
	EndGlobalSection
	GlobalSection(ExtensibilityGlobals) = postSolution
		SolutionGuid = {A9CBF653-3149-4318-8B9C-436531E8CFB3}
	EndGlobalSection
EndGlobal
